STORAGE: NONE
RESTRICTION: == net10.0
NUGET
  remote: https://api.nuget.org/v3/index.json
    BlackFox.VsWhere (1.1)
      FSharp.Core (>= 4.2.3)
      Microsoft.Win32.Registry (>= 4.7)
    Fake.Core.CommandLineParsing (6.1.4)
      FParsec (>= 1.1.1)
      FSharp.Core (>= 8.0.400)
    Fake.Core.Context (6.1.4)
      FSharp.Core (>= 8.0.400)
    Fake.Core.Environment (6.1.4)
      FSharp.Core (>= 8.0.400)
    Fake.Core.FakeVar (6.1.4)
      Fake.Core.Context (>= 6.1.4)
      FSharp.Core (>= 8.0.400)
    Fake.Core.Process (6.1.4)
      Fake.Core.Environment (>= 6.1.4)
      Fake.Core.FakeVar (>= 6.1.4)
      Fake.Core.String (>= 6.1.4)
      Fake.Core.Trace (>= 6.1.4)
      Fake.IO.FileSystem (>= 6.1.4)
      FSharp.Core (>= 8.0.400)
      System.Collections.Immutable (>= 8.0)
    Fake.Core.SemVer (6.1.4)
      FSharp.Core (>= 8.0.400)
    Fake.Core.String (6.1.4)
      FSharp.Core (>= 8.0.400)
    Fake.Core.Target (6.1.4)
      Fake.Core.CommandLineParsing (>= 6.1.4)
      Fake.Core.Context (>= 6.1.4)
      Fake.Core.Environment (>= 6.1.4)
      Fake.Core.FakeVar (>= 6.1.4)
      Fake.Core.Process (>= 6.1.4)
      Fake.Core.String (>= 6.1.4)
      Fake.Core.Trace (>= 6.1.4)
      FSharp.Control.Reactive (>= 5.0.2)
      FSharp.Core (>= 8.0.400)
    Fake.Core.Tasks (6.1.4)
      Fake.Core.Trace (>= 6.1.4)
      FSharp.Core (>= 8.0.400)
    Fake.Core.Trace (6.1.4)
      Fake.Core.Environment (>= 6.1.4)
      Fake.Core.FakeVar (>= 6.1.4)
      FSharp.Core (>= 8.0.400)
    Fake.Core.Xml (6.1.4)
      Fake.Core.String (>= 6.1.4)
      FSharp.Core (>= 8.0.400)
    Fake.DotNet.Cli (6.1.4)
      Fake.Core.Environment (>= 6.1.4)
      Fake.Core.Process (>= 6.1.4)
      Fake.Core.String (>= 6.1.4)
      Fake.Core.Trace (>= 6.1.4)
      Fake.DotNet.MSBuild (>= 6.1.4)
      Fake.DotNet.NuGet (>= 6.1.4)
      Fake.IO.FileSystem (>= 6.1.4)
      FSharp.Core (>= 8.0.400)
      Mono.Posix.NETStandard (>= 1.0)
    Fake.DotNet.MSBuild (6.1.4)
      BlackFox.VsWhere (>= 1.1)
      Fake.Core.Environment (>= 6.1.4)
      Fake.Core.Process (>= 6.1.4)
      Fake.Core.String (>= 6.1.4)
      Fake.Core.Trace (>= 6.1.4)
      Fake.IO.FileSystem (>= 6.1.4)
      FSharp.Core (>= 8.0.400)
      MSBuild.StructuredLogger (>= 2.1.815)
    Fake.DotNet.NuGet (6.1.4)
      Fake.Core.Environment (>= 6.1.4)
      Fake.Core.Process (>= 6.1.4)
      Fake.Core.SemVer (>= 6.1.4)
      Fake.Core.String (>= 6.1.4)
      Fake.Core.Tasks (>= 6.1.4)
      Fake.Core.Trace (>= 6.1.4)
      Fake.Core.Xml (>= 6.1.4)
      Fake.IO.FileSystem (>= 6.1.4)
      Fake.Net.Http (>= 6.1.4)
      FSharp.Core (>= 8.0.400)
      Newtonsoft.Json (>= 13.0.3)
      NuGet.Protocol (>= 6.12.4)
    Fake.DotNet.Paket (6.1.4)
      Fake.Core.Process (>= 6.1.4)
      Fake.Core.String (>= 6.1.4)
      Fake.Core.Trace (>= 6.1.4)
      Fake.DotNet.Cli (>= 6.1.4)
      Fake.IO.FileSystem (>= 6.1.4)
      FSharp.Core (>= 8.0.400)
    Fake.IO.FileSystem (6.1.4)
      Fake.Core.String (>= 6.1.4)
      Fake.Core.Trace (>= 6.1.4)
      FSharp.Core (>= 8.0.400)
    Fake.Net.Http (6.1.4)
      Fake.Core.Trace (>= 6.1.4)
      FSharp.Core (>= 8.0.400)
    FParsec (1.1.1)
      FSharp.Core (>= 4.3.4)
    FSharp.Control.Reactive (6.1.2)
      FSharp.Core (>= 6.0.7)
      System.Reactive (>= 6.0.1)
    FSharp.Core (11.0.100)
    Microsoft.Build.Framework (18.8.2)
      Microsoft.NET.StringTools (>= 18.8.2)
    Microsoft.Build.Utilities.Core (18.8.2)
      Microsoft.Build.Framework (>= 18.8.2)
      System.Configuration.ConfigurationManager (>= 10.0.4)
      System.Diagnostics.EventLog (>= 10.0.4)
      System.Security.Cryptography.ProtectedData (>= 10.0.4)
    Microsoft.NET.StringTools (18.8.2)
    Microsoft.Win32.Registry (5.0)
      System.Security.AccessControl (>= 5.0)
      System.Security.Principal.Windows (>= 5.0)
    Mono.Posix.NETStandard (1.0)
    MSBuild.StructuredLogger (2.3.213)
      Microsoft.Build.Framework (>= 17.5)
      Microsoft.Build.Utilities.Core (>= 17.5)
    Newtonsoft.Json (13.0.4)
    NuGet.Common (7.6)
      NuGet.Frameworks (>= 7.6)
    NuGet.Configuration (7.6)
      NuGet.Common (>= 7.6)
      System.Security.Cryptography.ProtectedData (>= 8.0)
    NuGet.Frameworks (7.6)
    NuGet.Packaging (7.6)
      Newtonsoft.Json (>= 13.0.3)
      NuGet.Configuration (>= 7.6)
      NuGet.Versioning (>= 7.6)
      System.Security.Cryptography.Pkcs (>= 8.0.1)
    NuGet.Protocol (7.6)
      NuGet.Packaging (>= 7.6)
    NuGet.Versioning (7.6)
    System.Collections.Immutable (10.0.10)
    System.Configuration.ConfigurationManager (10.0.10)
      System.Diagnostics.EventLog (>= 10.0.10)
      System.Security.Cryptography.ProtectedData (>= 10.0.10)
    System.Diagnostics.EventLog (10.0.10)
    System.Reactive (7.0)
    System.Security.AccessControl (6.0.1)
    System.Security.Cryptography.Pkcs (10.0.10)
    System.Security.Cryptography.ProtectedData (10.0.10)
    System.Security.Principal.Windows (5.0)
GITHUB
  remote: fsbolero/bolero
    .build/Utility.fs (a2d112af5465e843e4f8d69a135809c80fe46f0e)